
Microsoft Visual Studio Solution File, Format Version 12.00
# Visual Studio Version 16
VisualStudioVersion = 16.0.32228.343
MinimumVisualStudioVersion = 10.0.40219.1
Project("{9A19103F-16F7-4668-BE54-9A1E7A4F7556}") = "BachTX9_MiniProject_API", "BachTX9_MiniProject_API\BachTX9_MiniProject_API.csproj", "{4B0450B8-AEB8-4E58-9AD9-ED9F763EECE7}"
EndProject
Project("{FAE04EC0-301F-11D3-BF4B-00C04F79EFBC}") = "BachTX9_TestMiniProject_API", "BachTX9_TestMiniProject_API\BachTX9_TestMiniProject_API.csproj", "{F13650EC-7BBF-42CA-9BC2-2478E533FB44}"
EndProject
Global
	GlobalSection(SolutionConfigurationPlatforms) = preSolution
		Debug|Any CPU = Debug|Any CPU
		Release|Any CPU = Release|Any CPU
	EndGlobalSection
	GlobalSection(ProjectConfigurationPlatforms) = postSolution
		{4B0450B8-AEB8-4E58-9AD9-ED9F763EECE7}.Debug|Any CPU.ActiveCfg = Debug|Any CPU
		{4B0450B8-AEB8-4E58-9AD9-ED9F763EECE7}.Debug|Any CPU.Build.0 = Debug|Any CPU
		{4B0450B8-AEB8-4E58-9AD9-ED9F763EECE7}.Release|Any CPU.ActiveCfg = Release|Any CPU
		{4B0450B8-AEB8-4E58-9AD9-ED9F763EECE7}.Release|Any CPU.Build.0 = Release|Any CPU
		{F13650EC-7BBF-42CA-9BC2-2478E533FB44}.Debug|Any CPU.ActiveCfg = Debug|Any CPU
		{F13650EC-7BBF-42CA-9BC2-2478E533FB44}.Debug|Any CPU.Build.0 = Debug|Any CPU
		{F13650EC-7BBF-42CA-9BC2-2478E533FB44}.Release|Any CPU.ActiveCfg = Release|Any CPU
		{F13650EC-7BBF-42CA-9BC2-2478E533FB44}.Release|Any CPU.Build.0 = Release|Any CPU
	EndGlobalSection
	GlobalSection(SolutionProperties) = preSolution
		HideSolutionNode = FALSE
	EndGlobalSection
	GlobalSection(ExtensibilityGlobals) = postSolution
		SolutionGuid = {4AABC46C-4A73-486C-8960-58EDBCEF9B25}
	EndGlobalSection
EndGlobal
